
Microsoft Visual Studio Solution File, Format Version 12.00
# Visual Studio Version 18
VisualStudioVersion = 18.5.11716.220
MinimumVisualStudioVersion = 10.0.40219.1
Project("{2150E333-8FDC-42A3-9474-1A3956D46DE8}") = "src", "src", "{827E0CD3-B72D-47B6-A68D-7590B98EB39B}"
EndProject
Project("{2150E333-8FDC-42A3-9474-1A3956D46DE8}") = "Server", "Server", "{E6B48023-E680-40DA-9E17-319585C26937}"
EndProject
Project("{FAE04EC0-301F-11D3-BF4B-00C04F79EFBC}") = "FinancialFreedom.Server", "src\Server\FinancialFreedom.Server.csproj", "{17DEC08F-B293-4A31-B9D6-A964B2F42521}"
EndProject
Project("{2150E333-8FDC-42A3-9474-1A3956D46DE8}") = "Client", "Client", "{C5A3B5EA-BE9F-76E5-E9B8-8A22B289B295}"
EndProject
Project("{FAE04EC0-301F-11D3-BF4B-00C04F79EFBC}") = "FinancialFreedom.Client", "src\Client\FinancialFreedom.Client.csproj", "{A8EDEEE5-1C0B-49E8-A3B9-A8DAE8433961}"
EndProject
Project("{2150E333-8FDC-42A3-9474-1A3956D46DE8}") = "Shared", "Shared", "{C8E42992-5E42-0C2B-DBFE-AA848D06431C}"
EndProject
Project("{FAE04EC0-301F-11D3-BF4B-00C04F79EFBC}") = "FinancialFreedom.Shared", "src\Shared\FinancialFreedom.Shared.csproj", "{34B001BD-9F10-4334-90B1-3C07659EEA63}"
EndProject
Project("{FAE04EC0-301F-11D3-BF4B-00C04F79EFBC}") = "FinancialFreedom.Business", "src\FinancialFreedom.Business\FinancialFreedom.Business.csproj", "{E072A764-970F-404B-863A-87BF969FBE34}"
EndProject
Project("{2150E333-8FDC-42A3-9474-1A3956D46DE8}") = "tests", "tests", "{0AB3BF05-4346-4AA6-1389-037BE0695223}"
EndProject
Project("{FAE04EC0-301F-11D3-BF4B-00C04F79EFBC}") = "FinancialFreedom.UnitTests", "tests\FinancialFreedom.UnitTests\FinancialFreedom.UnitTests.csproj", "{92656EA8-6BE5-43DA-B82F-F228EDE9DA71}"
EndProject
Project("{2150E333-8FDC-42A3-9474-1A3956D46DE8}") = "database", "database", "{E0096E63-5207-411F-2649-837654E3C58A}"
EndProject
Project("{00D1A9C2-B5F0-4AF3-8072-F6C62B433612}") = "FinancialFreedom.Database", "database\FinancialFreedom.Database\FinancialFreedom.Database.sqlproj", "{0F57287C-6C69-4EA9-9D5B-E6B88AC27621}"
EndProject
Global
	GlobalSection(SolutionConfigurationPlatforms) = preSolution
		Debug|Any CPU = Debug|Any CPU
		Debug|x64 = Debug|x64
		Debug|x86 = Debug|x86
		Release|Any CPU = Release|Any CPU
		Release|x64 = Release|x64
		Release|x86 = Release|x86
	EndGlobalSection
	GlobalSection(ProjectConfigurationPlatforms) = postSolution
		{17DEC08F-B293-4A31-B9D6-A964B2F42521}.Debug|Any CPU.ActiveCfg = Debug|Any CPU
		{17DEC08F-B293-4A31-B9D6-A964B2F42521}.Debug|Any CPU.Build.0 = Debug|Any CPU
		{17DEC08F-B293-4A31-B9D6-A964B2F42521}.Debug|x64.ActiveCfg = Debug|Any CPU
		{17DEC08F-B293-4A31-B9D6-A964B2F42521}.Debug|x64.Build.0 = Debug|Any CPU
		{17DEC08F-B293-4A31-B9D6-A964B2F42521}.Debug|x86.ActiveCfg = Debug|Any CPU
		{17DEC08F-B293-4A31-B9D6-A964B2F42521}.Debug|x86.Build.0 = Debug|Any CPU
		{17DEC08F-B293-4A31-B9D6-A964B2F42521}.Release|Any CPU.ActiveCfg = Release|Any CPU
		{17DEC08F-B293-4A31-B9D6-A964B2F42521}.Release|Any CPU.Build.0 = Release|Any CPU
		{17DEC08F-B293-4A31-B9D6-A964B2F42521}.Release|x64.ActiveCfg = Release|Any CPU
		{17DEC08F-B293-4A31-B9D6-A964B2F42521}.Release|x64.Build.0 = Release|Any CPU
		{17DEC08F-B293-4A31-B9D6-A964B2F42521}.Release|x86.ActiveCfg = Release|Any CPU
		{17DEC08F-B293-4A31-B9D6-A964B2F42521}.Release|x86.Build.0 = Release|Any CPU
		{A8EDEEE5-1C0B-49E8-A3B9-A8DAE8433961}.Debug|Any CPU.ActiveCfg = Debug|Any CPU
		{A8EDEEE5-1C0B-49E8-A3B9-A8DAE8433961}.Debug|Any CPU.Build.0 = Debug|Any CPU
		{A8EDEEE5-1C0B-49E8-A3B9-A8DAE8433961}.Debug|x64.ActiveCfg = Debug|Any CPU
		{A8EDEEE5-1C0B-49E8-A3B9-A8DAE8433961}.Debug|x64.Build.0 = Debug|Any CPU
		{A8EDEEE5-1C0B-49E8-A3B9-A8DAE8433961}.Debug|x86.ActiveCfg = Debug|Any CPU
		{A8EDEEE5-1C0B-49E8-A3B9-A8DAE8433961}.Debug|x86.Build.0 = Debug|Any CPU
		{A8EDEEE5-1C0B-49E8-A3B9-A8DAE8433961}.Release|Any CPU.ActiveCfg = Release|Any CPU
		{A8EDEEE5-1C0B-49E8-A3B9-A8DAE8433961}.Release|Any CPU.Build.0 = Release|Any CPU
		{A8EDEEE5-1C0B-49E8-A3B9-A8DAE8433961}.Release|x64.ActiveCfg = Release|Any CPU
		{A8EDEEE5-1C0B-49E8-A3B9-A8DAE8433961}.Release|x64.Build.0 = Release|Any CPU
		{A8EDEEE5-1C0B-49E8-A3B9-A8DAE8433961}.Release|x86.ActiveCfg = Release|Any CPU
		{A8EDEEE5-1C0B-49E8-A3B9-A8DAE8433961}.Release|x86.Build.0 = Release|Any CPU
		{34B001BD-9F10-4334-90B1-3C07659EEA63}.Debug|Any CPU.ActiveCfg = Debug|Any CPU
		{34B001BD-9F10-4334-90B1-3C07659EEA63}.Debug|Any CPU.Build.0 = Debug|Any CPU
		{34B001BD-9F10-4334-90B1-3C07659EEA63}.Debug|x64.ActiveCfg = Debug|Any CPU
		{34B001BD-9F10-4334-90B1-3C07659EEA63}.Debug|x64.Build.0 = Debug|Any CPU
		{34B001BD-9F10-4334-90B1-3C07659EEA63}.Debug|x86.ActiveCfg = Debug|Any CPU
		{34B001BD-9F10-4334-90B1-3C07659EEA63}.Debug|x86.Build.0 = Debug|Any CPU
		{34B001BD-9F10-4334-90B1-3C07659EEA63}.Release|Any CPU.ActiveCfg = Release|Any CPU
		{34B001BD-9F10-4334-90B1-3C07659EEA63}.Release|Any CPU.Build.0 = Release|Any CPU
		{34B001BD-9F10-4334-90B1-3C07659EEA63}.Release|x64.ActiveCfg = Release|Any CPU
		{34B001BD-9F10-4334-90B1-3C07659EEA63}.Release|x64.Build.0 = Release|Any CPU
		{34B001BD-9F10-4334-90B1-3C07659EEA63}.Release|x86.ActiveCfg = Release|Any CPU
		{34B001BD-9F10-4334-90B1-3C07659EEA63}.Release|x86.Build.0 = Release|Any CPU
		{E072A764-970F-404B-863A-87BF969FBE34}.Debug|Any CPU.ActiveCfg = Debug|Any CPU
		{E072A764-970F-404B-863A-87BF969FBE34}.Debug|Any CPU.Build.0 = Debug|Any CPU
		{E072A764-970F-404B-863A-87BF969FBE34}.Debug|x64.ActiveCfg = Debug|Any CPU
		{E072A764-970F-404B-863A-87BF969FBE34}.Debug|x64.Build.0 = Debug|Any CPU
		{E072A764-970F-404B-863A-87BF969FBE34}.Debug|x86.ActiveCfg = Debug|Any CPU
		{E072A764-970F-404B-863A-87BF969FBE34}.Debug|x86.Build.0 = Debug|Any CPU
		{E072A764-970F-404B-863A-87BF969FBE34}.Release|Any CPU.ActiveCfg = Release|Any CPU
		{E072A764-970F-404B-863A-87BF969FBE34}.Release|Any CPU.Build.0 = Release|Any CPU
		{E072A764-970F-404B-863A-87BF969FBE34}.Release|x64.ActiveCfg = Release|Any CPU
		{E072A764-970F-404B-863A-87BF969FBE34}.Release|x64.Build.0 = Release|Any CPU
		{E072A764-970F-404B-863A-87BF969FBE34}.Release|x86.ActiveCfg = Release|Any CPU
		{E072A764-970F-404B-863A-87BF969FBE34}.Release|x86.Build.0 = Release|Any CPU
		{92656EA8-6BE5-43DA-B82F-F228EDE9DA71}.Debug|Any CPU.ActiveCfg = Debug|Any CPU
		{92656EA8-6BE5-43DA-B82F-F228EDE9DA71}.Debug|Any CPU.Build.0 = Debug|Any CPU
		{92656EA8-6BE5-43DA-B82F-F228EDE9DA71}.Debug|x64.ActiveCfg = Debug|Any CPU
		{92656EA8-6BE5-43DA-B82F-F228EDE9DA71}.Debug|x64.Build.0 = Debug|Any CPU
		{92656EA8-6BE5-43DA-B82F-F228EDE9DA71}.Debug|x86.ActiveCfg = Debug|Any CPU
		{92656EA8-6BE5-43DA-B82F-F228EDE9DA71}.Debug|x86.Build.0 = Debug|Any CPU
		{92656EA8-6BE5-43DA-B82F-F228EDE9DA71}.Release|Any CPU.ActiveCfg = Release|Any CPU
		{92656EA8-6BE5-43DA-B82F-F228EDE9DA71}.Release|Any CPU.Build.0 = Release|Any CPU
		{92656EA8-6BE5-43DA-B82F-F228EDE9DA71}.Release|x64.ActiveCfg = Release|Any CPU
		{92656EA8-6BE5-43DA-B82F-F228EDE9DA71}.Release|x64.Build.0 = Release|Any CPU
		{92656EA8-6BE5-43DA-B82F-F228EDE9DA71}.Release|x86.ActiveCfg = Release|Any CPU
		{92656EA8-6BE5-43DA-B82F-F228EDE9DA71}.Release|x86.Build.0 = Release|Any CPU
		{0F57287C-6C69-4EA9-9D5B-E6B88AC27621}.Debug|Any CPU.ActiveCfg = Debug|Any CPU
		{0F57287C-6C69-4EA9-9D5B-E6B88AC27621}.Debug|x64.ActiveCfg = Debug|Any CPU
		{0F57287C-6C69-4EA9-9D5B-E6B88AC27621}.Debug|x86.ActiveCfg = Debug|Any CPU
		{0F57287C-6C69-4EA9-9D5B-E6B88AC27621}.Release|Any CPU.ActiveCfg = Release|Any CPU
		{0F57287C-6C69-4EA9-9D5B-E6B88AC27621}.Release|x64.ActiveCfg = Release|Any CPU
		{0F57287C-6C69-4EA9-9D5B-E6B88AC27621}.Release|x86.ActiveCfg = Release|Any CPU
	EndGlobalSection
	GlobalSection(SolutionProperties) = preSolution
		HideSolutionNode = FALSE
	EndGlobalSection
	GlobalSection(NestedProjects) = preSolution
		{E6B48023-E680-40DA-9E17-319585C26937} = {827E0CD3-B72D-47B6-A68D-7590B98EB39B}
		{17DEC08F-B293-4A31-B9D6-A964B2F42521} = {E6B48023-E680-40DA-9E17-319585C26937}
		{C5A3B5EA-BE9F-76E5-E9B8-8A22B289B295} = {827E0CD3-B72D-47B6-A68D-7590B98EB39B}
		{A8EDEEE5-1C0B-49E8-A3B9-A8DAE8433961} = {C5A3B5EA-BE9F-76E5-E9B8-8A22B289B295}
		{C8E42992-5E42-0C2B-DBFE-AA848D06431C} = {827E0CD3-B72D-47B6-A68D-7590B98EB39B}
		{34B001BD-9F10-4334-90B1-3C07659EEA63} = {C8E42992-5E42-0C2B-DBFE-AA848D06431C}
		{E072A764-970F-404B-863A-87BF969FBE34} = {827E0CD3-B72D-47B6-A68D-7590B98EB39B}
		{92656EA8-6BE5-43DA-B82F-F228EDE9DA71} = {0AB3BF05-4346-4AA6-1389-037BE0695223}
		{0F57287C-6C69-4EA9-9D5B-E6B88AC27621} = {E0096E63-5207-411F-2649-837654E3C58A}
	EndGlobalSection
EndGlobal
